
Microsoft Visual Studio Solution File, Format Version 12.00
# Visual Studio Version 17
VisualStudioVersion = 17.14.36414.22 d17.14
MinimumVisualStudioVersion = 10.0.40219.1
Project("{FAE04EC0-301F-11D3-BF4B-00C04F79EFBC}") = "ExperimentWithControls", "ExperimentWithControls\ExperimentWithControls.csproj", "{93113AE6-EAA5-43D7-AAD9-90AB98BED11D}"
EndProject
Global
	GlobalSection(SolutionConfigurationPlatforms) = preSolution
		Debug|Any CPU = Debug|Any CPU
		Release|Any CPU = Release|Any CPU
	EndGlobalSection
	GlobalSection(ProjectConfigurationPlatforms) = postSolution
		{93113AE6-EAA5-43D7-AAD9-90AB98BED11D}.Debug|Any CPU.ActiveCfg = Debug|Any CPU
		{93113AE6-EAA5-43D7-AAD9-90AB98BED11D}.Debug|Any CPU.Build.0 = Debug|Any CPU
		{93113AE6-EAA5-43D7-AAD9-90AB98BED11D}.Debug|Any CPU.Deploy.0 = Debug|Any CPU
		{93113AE6-EAA5-43D7-AAD9-90AB98BED11D}.Release|Any CPU.ActiveCfg = Release|Any CPU
		{93113AE6-EAA5-43D7-AAD9-90AB98BED11D}.Release|Any CPU.Build.0 = Release|Any CPU
		{93113AE6-EAA5-43D7-AAD9-90AB98BED11D}.Release|Any CPU.Deploy.0 = Release|Any CPU
	EndGlobalSection
	GlobalSection(SolutionProperties) = preSolution
		HideSolutionNode = FALSE
	EndGlobalSection
	GlobalSection(ExtensibilityGlobals) = postSolution
		SolutionGuid = {81FC8C0A-6498-407C-8E75-06DA1F762C8D}
	EndGlobalSection
EndGlobal
